
Microsoft Visual Studio Solution File, Format Version 12.00
# Visual Studio Version 17
VisualStudioVersion = 17.8.34316.72
MinimumVisualStudioVersion = 10.0.40219.1
Project("{FAE04EC0-301F-11D3-BF4B-00C04F79EFBC}") = "OData_API_Dotnet8", "OData_API_Dotnet8\OData_API_Dotnet8.csproj", "{EEAFB57D-340E-40F9-8208-0B8805F77EA7}"
EndProject
Global
	GlobalSection(SolutionConfigurationPlatforms) = preSolution
		Debug|Any CPU = Debug|Any CPU
		Release|Any CPU = Release|Any CPU
	EndGlobalSection
	GlobalSection(ProjectConfigurationPlatforms) = postSolution
		{EEAFB57D-340E-40F9-8208-0B8805F77EA7}.Debug|Any CPU.ActiveCfg = Debug|Any CPU
		{EEAFB57D-340E-40F9-8208-0B8805F77EA7}.Debug|Any CPU.Build.0 = Debug|Any CPU
		{EEAFB57D-340E-40F9-8208-0B8805F77EA7}.Release|Any CPU.ActiveCfg = Release|Any CPU
		{EEAFB57D-340E-40F9-8208-0B8805F77EA7}.Release|Any CPU.Build.0 = Release|Any CPU
	EndGlobalSection
	GlobalSection(SolutionProperties) = preSolution
		HideSolutionNode = FALSE
	EndGlobalSection
	GlobalSection(ExtensibilityGlobals) = postSolution
		SolutionGuid = {AC152DA0-2C62-4B27-B413-22327004D72B}
	EndGlobalSection
EndGlobal
